{
  "name": "city-Investment",
  "lockfileVersion": 3,
  "requires": true,
  "packages": {
    "": {
      "dependencies": {
        "@tanzhenxing/zx-sign": "^1.0.4"
      }
    },
    "node_modules/@tanzhenxing/zx-sign": {
      "version": "1.0.4",
      "resolved": "https://registry.npmjs.org/@tanzhenxing/zx-sign/-/zx-sign-1.0.4.tgz",
      "integrity": "sha512-D92JZ5TDk5AgGCy/ng5uOzkdoPiDTciPw3VbG0Bahu+YdutD7a/x4rsJhwafisxGRChBbYtX3ygVW4eE9Nv9VA=="
    }
  }
}
